
Microsoft Visual Studio Solution File, Format Version 12.00
# Visual Studio Version 16
VisualStudioVersion = 16.0.31005.135
MinimumVisualStudioVersion = 10.0.40219.1
Project("{FAE04EC0-301F-11D3-BF4B-00C04F79EFBC}") = "StaticWebApp", "StaticWebApp\StaticWebApp.csproj", "{43BD06A5-88EF-41B4-A7D3-4C083C2FD632}"
EndProject
Global
	GlobalSection(SolutionConfigurationPlatforms) = preSolution
		Debug|Any CPU = Debug|Any CPU
		Release|Any CPU = Release|Any CPU
	EndGlobalSection
	GlobalSection(ProjectConfigurationPlatforms) = postSolution
		{43BD06A5-88EF-41B4-A7D3-4C083C2FD632}.Debug|Any CPU.ActiveCfg = Debug|Any CPU
		{43BD06A5-88EF-41B4-A7D3-4C083C2FD632}.Debug|Any CPU.Build.0 = Debug|Any CPU
		{43BD06A5-88EF-41B4-A7D3-4C083C2FD632}.Release|Any CPU.ActiveCfg = Release|Any CPU
		{43BD06A5-88EF-41B4-A7D3-4C083C2FD632}.Release|Any CPU.Build.0 = Release|Any CPU
	EndGlobalSection
	GlobalSection(SolutionProperties) = preSolution
		HideSolutionNode = FALSE
	EndGlobalSection
	GlobalSection(ExtensibilityGlobals) = postSolution
		SolutionGuid = {165B2E93-3088-47EE-A6B5-C57F5C1231C9}
	EndGlobalSection
EndGlobal
